// !$*UTF8*$!
{
	archiveVersion = 1;
	classes = {
	};
	objectVersion = 51;
	objects = {

/* Begin PBXBuildFile section */
		01437F9A9787AE9965D4F7C9 /* Pods_TDD_MVPTests.framework in Frameworks */ = {isa = PBXBuildFile; fileRef = 16F826E43EF8253F2424D599 /* Pods_TDD_MVPTests.framework */; };
		16556737593BA47A8CF60281 /* Pods_TDD_MVP.framework in Frameworks */ = {isa = PBXBuildFile; fileRef = 77CD623A1622754B4951308E /* Pods_TDD_MVP.framework */; };
		DC4B3E1623B6F6980061C19A /* AppDelegate.swift in Sources */ = {isa = PBXBuildFile; fileRef = DC4B3E1523B6F6980061C19A /* AppDelegate.swift */; };
		DC4B3E1A23B6F6980061C19A /* MoviesViewController.swift in Sources */ = {isa = PBXBuildFile; fileRef = DC4B3E1923B6F6980061C19A /* MoviesViewController.swift */; };
		DC4B3E1D23B6F6980061C19A /* Main.storyboard in Resources */ = {isa = PBXBuildFile; fileRef = DC4B3E1B23B6F6980061C19A /* Main.storyboard */; };
		DC4B3E1F23B6F69A0061C19A /* Assets.xcassets in Resources */ = {isa = PBXBuildFile; fileRef = DC4B3E1E23B6F69A0061C19A /* Assets.xcassets */; };
		DC4B3E2223B6F69A0061C19A /* LaunchScreen.storyboard in Resources */ = {isa = PBXBuildFile; fileRef = DC4B3E2023B6F69A0061C19A /* LaunchScreen.storyboard */; };
		DC4B3E2D23B6F69A0061C19A /* TDD_MVPTests.swift in Sources */ = {isa = PBXBuildFile; fileRef = DC4B3E2C23B6F69A0061C19A /* TDD_MVPTests.swift */; };
		DC4B3E3823B6F69A0061C19A /* TDD_MVPUITests.swift in Sources */ = {isa = PBXBuildFile; fileRef = DC4B3E3723B6F69A0061C19A /* TDD_MVPUITests.swift */; };
		DC4B3E4623B702320061C19A /* ListOfMovies.json in Resources */ = {isa = PBXBuildFile; fileRef = DC4B3E4523B702320061C19A /* ListOfMovies.json */; };
		DC4B3E4823B704780061C19A /* HTTPStubs.swift in Sources */ = {isa = PBXBuildFile; fileRef = DC4B3E4723B704780061C19A /* HTTPStubs.swift */; };
		DC4B3E4E23B709650061C19A /* Movie.swift in Sources */ = {isa = PBXBuildFile; fileRef = DC4B3E4D23B709650061C19A /* Movie.swift */; };
		DC4B3E5023B70DBC0061C19A /* Network.swift in Sources */ = {isa = PBXBuildFile; fileRef = DC4B3E4F23B70DBC0061C19A /* Network.swift */; };
		DC4B3E5223B7124F0061C19A /* MovieParser.swift in Sources */ = {isa = PBXBuildFile; fileRef = DC4B3E5123B7124F0061C19A /* MovieParser.swift */; };
		DC4B3E5423B714AA0061C19A /* MoviesListModel.swift in Sources */ = {isa = PBXBuildFile; fileRef = DC4B3E5323B714AA0061C19A /* MoviesListModel.swift */; };
		DC4B3E5623B718690061C19A /* MoviesListPresenter.swift in Sources */ = {isa = PBXBuildFile; fileRef = DC4B3E5523B718690061C19A /* MoviesListPresenter.swift */; };
		DC4B3E5823B719260061C19A /* MovieTableViewCell.swift in Sources */ = {isa = PBXBuildFile; fileRef = DC4B3E5723B719260061C19A /* MovieTableViewCell.swift */; };
		DF465CD02B20C02FD10B0816 /* Pods_TDD_MVP_TDD_MVPUITests.framework in Frameworks */ = {isa = PBXBuildFile; fileRef = 5EABD53DC6CF2B2CCB79D76B /* Pods_TDD_MVP_TDD_MVPUITests.framework */; };
/* End PBXBuildFile section */

/* Begin PBXContainerItemProxy section */
		DC4B3E2923B6F69A0061C19A /* PBXContainerItemProxy */ = {
			isa = PBXContainerItemProxy;
			containerPortal = DC4B3E0A23B6F6980061C19A /* Project object */;
			proxyType = 1;
			remoteGlobalIDString = DC4B3E1123B6F6980061C19A;
			remoteInfo = TDD_MVP;
		};
		DC4B3E3423B6F69A0061C19A /* PBXContainerItemProxy */ = {
			isa = PBXContainerItemProxy;
			containerPortal = DC4B3E0A23B6F6980061C19A /* Project object */;
			proxyType = 1;
			remoteGlobalIDString = DC4B3E1123B6F6980061C19A;
			remoteInfo = TDD_MVP;
		};
/* End PBXContainerItemProxy section */

/* Begin PBXFileReference section */
		16F826E43EF8253F2424D599 /* Pods_TDD_MVPTests.framework */ = {isa = PBXFileReference; explicitFileType = wrapper.framework; includeInIndex = 0; path = Pods_TDD_MVPTests.framework; sourceTree = BUILT_PRODUCTS_DIR; };
		5EABD53DC6CF2B2CCB79D76B /* Pods_TDD_MVP_TDD_MVPUITests.framework */ = {isa = PBXFileReference; explicitFileType = wrapper.framework; includeInIndex = 0; path = Pods_TDD_MVP_TDD_MVPUITests.framework; sourceTree = BUILT_PRODUCTS_DIR; };
		637174A93E63F69B8182A6EB /* Pods-TDD_MVP-TDD_MVPUITests.debug.xcconfig */ = {isa = PBXFileReference; includeInIndex = 1; lastKnownFileType = text.xcconfig; name = "Pods-TDD_MVP-TDD_MVPUITests.debug.xcconfig"; path = "Target Support Files/Pods-TDD_MVP-TDD_MVPUITests/Pods-TDD_MVP-TDD_MVPUITests.debug.xcconfig"; sourceTree = "<group>"; };
		6E521E7C2DE31880EF0E5C27 /* Pods-TDD_MVPTests.debug.xcconfig */ = {isa = PBXFileReference; includeInIndex = 1; lastKnownFileType = text.xcconfig; name = "Pods-TDD_MVPTests.debug.xcconfig"; path = "Target Support Files/Pods-TDD_MVPTests/Pods-TDD_MVPTests.debug.xcconfig"; sourceTree = "<group>"; };
		77CD623A1622754B4951308E /* Pods_TDD_MVP.framework */ = {isa = PBXFileReference; explicitFileType = wrapper.framework; includeInIndex = 0; path = Pods_TDD_MVP.framework; sourceTree = BUILT_PRODUCTS_DIR; };
		9440AD165DFCBB9E40247D43 /* Pods-TDD_MVP-TDD_MVPUITests.release.xcconfig */ = {isa = PBXFileReference; includeInIndex = 1; lastKnownFileType = text.xcconfig; name = "Pods-TDD_MVP-TDD_MVPUITests.release.xcconfig"; path = "Target Support Files/Pods-TDD_MVP-TDD_MVPUITests/Pods-TDD_MVP-TDD_MVPUITests.release.xcconfig"; sourceTree = "<group>"; };
		DC4B3E1223B6F6980061C19A /* TDD_MVP.app */ = {isa = PBXFileReference; explicitFileType = wrapper.application; includeInIndex = 0; path = TDD_MVP.app; sourceTree = BUILT_PRODUCTS_DIR; };
		DC4B3E1523B6F6980061C19A /* AppDelegate.swift */ = {isa = PBXFileReference; lastKnownFileType = sourcecode.swift; path = AppDelegate.swift; sourceTree = "<group>"; };
		DC4B3E1923B6F6980061C19A /* MoviesViewController.swift */ = {isa = PBXFileReference; lastKnownFileType = sourcecode.swift; path = MoviesViewController.swift; sourceTree = "<group>"; };
		DC4B3E1C23B6F6980061C19A /* Base */ = {isa = PBXFileReference; lastKnownFileType = file.storyboard; name = Base; path = Base.lproj/Main.storyboard; sourceTree = "<group>"; };
		DC4B3E1E23B6F69A0061C19A /* Assets.xcassets */ = {isa = PBXFileReference; lastKnownFileType = folder.assetcatalog; path = Assets.xcassets; sourceTree = "<group>"; };
		DC4B3E2123B6F69A0061C19A /* Base */ = {isa = PBXFileReference; lastKnownFileType = file.storyboard; name = Base; path = Base.lproj/LaunchScreen.storyboard; sourceTree = "<group>"; };
		DC4B3E2323B6F69A0061C19A /* Info.plist */ = {isa = PBXFileReference; lastKnownFileType = text.plist.xml; path = Info.plist; sourceTree = "<group>"; };
		DC4B3E2823B6F69A0061C19A /* TDD_MVPTests.xctest */ = {isa = PBXFileReference; explicitFileType = wrapper.cfbundle; includeInIndex = 0; path = TDD_MVPTests.xctest; sourceTree = BUILT_PRODUCTS_DIR; };
		DC4B3E2C23B6F69A0061C19A /* TDD_MVPTests.swift */ = {isa = PBXFileReference; lastKnownFileType = sourcecode.swift; path = TDD_MVPTests.swift; sourceTree = "<group>"; };
		DC4B3E2E23B6F69A0061C19A /* Info.plist */ = {isa = PBXFileReference; lastKnownFileType = text.plist.xml; path = Info.plist; sourceTree = "<group>"; };
		DC4B3E3323B6F69A0061C19A /* TDD_MVPUITests.xctest */ = {isa = PBXFileReference; explicitFileType = wrapper.cfbundle; includeInIndex = 0; path = TDD_MVPUITests.xctest; sourceTree = BUILT_PRODUCTS_DIR; };
		DC4B3E3723B6F69A0061C19A /* TDD_MVPUITests.swift */ = {isa = PBXFileReference; lastKnownFileType = sourcecode.swift; path = TDD_MVPUITests.swift; sourceTree = "<group>"; };
		DC4B3E3923B6F69A0061C19A /* Info.plist */ = {isa = PBXFileReference; lastKnownFileType = text.plist.xml; path = Info.plist; sourceTree = "<group>"; };
		DC4B3E4523B702320061C19A /* ListOfMovies.json */ = {isa = PBXFileReference; lastKnownFileType = text.json; path = ListOfMovies.json; sourceTree = "<group>"; };
		DC4B3E4723B704780061C19A /* HTTPStubs.swift */ = {isa = PBXFileReference; lastKnownFileType = sourcecode.swift; path = HTTPStubs.swift; sourceTree = "<group>"; };
		DC4B3E4D23B709650061C19A /* Movie.swift */ = {isa = PBXFileReference; lastKnownFileType = sourcecode.swift; path = Movie.swift; sourceTree = "<group>"; };
		DC4B3E4F23B70DBC0061C19A /* Network.swift */ = {isa = PBXFileReference; lastKnownFileType = sourcecode.swift; path = Network.swift; sourceTree = "<group>"; };
		DC4B3E5123B7124F0061C19A /* MovieParser.swift */ = {isa = PBXFileReference; lastKnownFileType = sourcecode.swift; path = MovieParser.swift; sourceTree = "<group>"; };
		DC4B3E5323B714AA0061C19A /* MoviesListModel.swift */ = {isa = PBXFileReference; lastKnownFileType = sourcecode.swift; path = MoviesListModel.swift; sourceTree = "<group>"; };
		DC4B3E5523B718690061C19A /* MoviesListPresenter.swift */ = {isa = PBXFileReference; lastKnownFileType = sourcecode.swift; path = MoviesListPresenter.swift; sourceTree = "<group>"; };
		DC4B3E5723B719260061C19A /* MovieTableViewCell.swift */ = {isa = PBXFileReference; lastKnownFileType = sourcecode.swift; path = MovieTableViewCell.swift; sourceTree = "<group>"; };
		E7E11D932B9DAD28A8D60A8C /* Pods-TDD_MVPTests.release.xcconfig */ = {isa = PBXFileReference; includeInIndex = 1; lastKnownFileType = text.xcconfig; name = "Pods-TDD_MVPTests.release.xcconfig"; path = "Target Support Files/Pods-TDD_MVPTests/Pods-TDD_MVPTests.release.xcconfig"; sourceTree = "<group>"; };
		F2C6579F53919D0EA33A310D /* Pods-TDD_MVP.debug.xcconfig */ = {isa = PBXFileReference; includeInIndex = 1; lastKnownFileType = text.xcconfig; name = "Pods-TDD_MVP.debug.xcconfig"; path = "Target Support Files/Pods-TDD_MVP/Pods-TDD_MVP.debug.xcconfig"; sourceTree = "<group>"; };
		FFEF574F1E970A89CC0B3AFC /* Pods-TDD_MVP.release.xcconfig */ = {isa = PBXFileReference; includeInIndex = 1; lastKnownFileType = text.xcconfig; name = "Pods-TDD_MVP.release.xcconfig"; path = "Target Support Files/Pods-TDD_MVP/Pods-TDD_MVP.release.xcconfig"; sourceTree = "<group>"; };
/* End PBXFileReference section */

/* Begin PBXFrameworksBuildPhase section */
		DC4B3E0F23B6F6980061C19A /* Frameworks */ = {
			isa = PBXFrameworksBuildPhase;
			buildActionMask = 2147483647;
			files = (
				16556737593BA47A8CF60281 /* Pods_TDD_MVP.framework in Frameworks */,
			);
			runOnlyForDeploymentPostprocessing = 0;
		};
		DC4B3E2523B6F69A0061C19A /* Frameworks */ = {
			isa = PBXFrameworksBuildPhase;
			buildActionMask = 2147483647;
			files = (
				01437F9A9787AE9965D4F7C9 /* Pods_TDD_MVPTests.framework in Frameworks */,
			);
			runOnlyForDeploymentPostprocessing = 0;
		};
		DC4B3E3023B6F69A0061C19A /* Frameworks */ = {
			isa = PBXFrameworksBuildPhase;
			buildActionMask = 2147483647;
			files = (
				DF465CD02B20C02FD10B0816 /* Pods_TDD_MVP_TDD_MVPUITests.framework in Frameworks */,
			);
			runOnlyForDeploymentPostprocessing = 0;
		};
/* End PBXFrameworksBuildPhase section */

/* Begin PBXGroup section */
		39D304A46267C72518FE7853 /* Frameworks */ = {
			isa = PBXGroup;
			children = (
				77CD623A1622754B4951308E /* Pods_TDD_MVP.framework */,
				5EABD53DC6CF2B2CCB79D76B /* Pods_TDD_MVP_TDD_MVPUITests.framework */,
				16F826E43EF8253F2424D599 /* Pods_TDD_MVPTests.framework */,
			);
			name = Frameworks;
			sourceTree = "<group>";
		};
		8749FA10080465CDBB39771D /* Pods */ = {
			isa = PBXGroup;
			children = (
				F2C6579F53919D0EA33A310D /* Pods-TDD_MVP.debug.xcconfig */,
				FFEF574F1E970A89CC0B3AFC /* Pods-TDD_MVP.release.xcconfig */,
				637174A93E63F69B8182A6EB /* Pods-TDD_MVP-TDD_MVPUITests.debug.xcconfig */,
				9440AD165DFCBB9E40247D43 /* Pods-TDD_MVP-TDD_MVPUITests.release.xcconfig */,
				6E521E7C2DE31880EF0E5C27 /* Pods-TDD_MVPTests.debug.xcconfig */,
				E7E11D932B9DAD28A8D60A8C /* Pods-TDD_MVPTests.release.xcconfig */,
			);
			path = Pods;
			sourceTree = "<group>";
		};
		DC4B3E0923B6F6980061C19A = {
			isa = PBXGroup;
			children = (
				DC4B3E1423B6F6980061C19A /* TDD_MVP */,
				DC4B3E2B23B6F69A0061C19A /* TDD_MVPTests */,
				DC4B3E3623B6F69A0061C19A /* TDD_MVPUITests */,
				DC4B3E1323B6F6980061C19A /* Products */,
				8749FA10080465CDBB39771D /* Pods */,
				39D304A46267C72518FE7853 /* Frameworks */,
			);
			sourceTree = "<group>";
		};
		DC4B3E1323B6F6980061C19A /* Products */ = {
			isa = PBXGroup;
			children = (
				DC4B3E1223B6F6980061C19A /* TDD_MVP.app */,
				DC4B3E2823B6F69A0061C19A /* TDD_MVPTests.xctest */,
				DC4B3E3323B6F69A0061C19A /* TDD_MVPUITests.xctest */,
			);
			name = Products;
			sourceTree = "<group>";
		};
		DC4B3E1423B6F6980061C19A /* TDD_MVP */ = {
			isa = PBXGroup;
			children = (
				DC4B3E1523B6F6980061C19A /* AppDelegate.swift */,
				DC4B3E4923B708780061C19A /* Presenter */,
				DC4B3E4A23B708A90061C19A /* View */,
				DC4B3E4B23B708B30061C19A /* Model */,
				DC4B3E4C23B708EA0061C19A /* Nework */,
				DC4B3E1B23B6F6980061C19A /* Main.storyboard */,
				DC4B3E1E23B6F69A0061C19A /* Assets.xcassets */,
				DC4B3E2023B6F69A0061C19A /* LaunchScreen.storyboard */,
				DC4B3E2323B6F69A0061C19A /* Info.plist */,
			);
			path = TDD_MVP;
			sourceTree = "<group>";
		};
		DC4B3E2B23B6F69A0061C19A /* TDD_MVPTests */ = {
			isa = PBXGroup;
			children = (
				DC4B3E2C23B6F69A0061C19A /* TDD_MVPTests.swift */,
				DC4B3E2E23B6F69A0061C19A /* Info.plist */,
			);
			path = TDD_MVPTests;
			sourceTree = "<group>";
		};
		DC4B3E3623B6F69A0061C19A /* TDD_MVPUITests */ = {
			isa = PBXGroup;
			children = (
				DC4B3E3723B6F69A0061C19A /* TDD_MVPUITests.swift */,
				DC4B3E3923B6F69A0061C19A /* Info.plist */,
				DC4B3E4523B702320061C19A /* ListOfMovies.json */,
				DC4B3E4723B704780061C19A /* HTTPStubs.swift */,
			);
			path = TDD_MVPUITests;
			sourceTree = "<group>";
		};
		DC4B3E4923B708780061C19A /* Presenter */ = {
			isa = PBXGroup;
			children = (
				DC4B3E5523B718690061C19A /* MoviesListPresenter.swift */,
			);
			path = Presenter;
			sourceTree = "<group>";
		};
		DC4B3E4A23B708A90061C19A /* View */ = {
			isa = PBXGroup;
			children = (
				DC4B3E1923B6F6980061C19A /* MoviesViewController.swift */,
				DC4B3E5723B719260061C19A /* MovieTableViewCell.swift */,
			);
			path = View;
			sourceTree = "<group>";
		};
		DC4B3E4B23B708B30061C19A /* Model */ = {
			isa = PBXGroup;
			children = (
				DC4B3E4D23B709650061C19A /* Movie.swift */,
				DC4B3E5323B714AA0061C19A /* MoviesListModel.swift */,
			);
			path = Model;
			sourceTree = "<group>";
		};
		DC4B3E4C23B708EA0061C19A /* Nework */ = {
			isa = PBXGroup;
			children = (
				DC4B3E4F23B70DBC0061C19A /* Network.swift */,
				DC4B3E5123B7124F0061C19A /* MovieParser.swift */,
			);
			path = Nework;
			sourceTree = "<group>";
		};
/* End PBXGroup section */

/* Begin PBXNativeTarget section */
		DC4B3E1123B6F6980061C19A /* TDD_MVP */ = {
			isa = PBXNativeTarget;
			buildConfigurationList = DC4B3E3C23B6F69A0061C19A /* Build configuration list for PBXNativeTarget "TDD_MVP" */;
			buildPhases = (
				B73A5BE23F03B243129A1751 /* [CP] Check Pods Manifest.lock */,
				DC4B3E0E23B6F6980061C19A /* Sources */,
				DC4B3E0F23B6F6980061C19A /* Frameworks */,
				DC4B3E1023B6F6980061C19A /* Resources */,
			);
			buildRules = (
			);
			dependencies = (
			);
			name = TDD_MVP;
			productName = TDD_MVP;
			productReference = DC4B3E1223B6F6980061C19A /* TDD_MVP.app */;
			productType = "com.apple.product-type.application";
		};
		DC4B3E2723B6F69A0061C19A /* TDD_MVPTests */ = {
			isa = PBXNativeTarget;
			buildConfigurationList = DC4B3E3F23B6F69A0061C19A /* Build configuration list for PBXNativeTarget "TDD_MVPTests" */;
			buildPhases = (
				5CF54DC7CE4E67F78F6C4BFE /* [CP] Check Pods Manifest.lock */,
				DC4B3E2423B6F69A0061C19A /* Sources */,
				DC4B3E2523B6F69A0061C19A /* Frameworks */,
				DC4B3E2623B6F69A0061C19A /* Resources */,
			);
			buildRules = (
			);
			dependencies = (
				DC4B3E2A23B6F69A0061C19A /* PBXTargetDependency */,
			);
			name = TDD_MVPTests;
			productName = TDD_MVPTests;
			productReference = DC4B3E2823B6F69A0061C19A /* TDD_MVPTests.xctest */;
			productType = "com.apple.product-type.bundle.unit-test";
		};
		DC4B3E3223B6F69A0061C19A /* TDD_MVPUITests */ = {
			isa = PBXNativeTarget;
			buildConfigurationList = DC4B3E4223B6F69A0061C19A /* Build configuration list for PBXNativeTarget "TDD_MVPUITests" */;
			buildPhases = (
				D6CB8ED905885F62FEB3BBBB /* [CP] Check Pods Manifest.lock */,
				DC4B3E2F23B6F69A0061C19A /* Sources */,
				DC4B3E3023B6F69A0061C19A /* Frameworks */,
				DC4B3E3123B6F69A0061C19A /* Resources */,
				8EDB3979DABA51E96EE8C7C2 /* [CP] Embed Pods Frameworks */,
			);
			buildRules = (
			);
			dependencies = (
				DC4B3E3523B6F69A0061C19A /* PBXTargetDependency */,
			);
			name = TDD_MVPUITests;
			productName = TDD_MVPUITests;
			productReference = DC4B3E3323B6F69A0061C19A /* TDD_MVPUITests.xctest */;
			productType = "com.apple.product-type.bundle.ui-testing";
		};
/* End PBXNativeTarget section */

/* Begin PBXProject section */
		DC4B3E0A23B6F6980061C19A /* Project object */ = {
			isa = PBXProject;
			attributes = {
				LastSwiftUpdateCheck = 1120;
				LastUpgradeCheck = 1120;
				ORGANIZATIONNAME = Jamil;
				TargetAttributes = {
					DC4B3E1123B6F6980061C19A = {
						CreatedOnToolsVersion = 11.2;
					};
					DC4B3E2723B6F69A0061C19A = {
						CreatedOnToolsVersion = 11.2;
						TestTargetID = DC4B3E1123B6F6980061C19A;
					};
					DC4B3E3223B6F69A0061C19A = {
						CreatedOnToolsVersion = 11.2;
						TestTargetID = DC4B3E1123B6F6980061C19A;
					};
				};
			};
			buildConfigurationList = DC4B3E0D23B6F6980061C19A /* Build configuration list for PBXProject "TDD_MVP" */;
			compatibilityVersion = "Xcode 9.3";
			developmentRegion = en;
			hasScannedForEncodings = 0;
			knownRegions = (
				en,
				Base,
			);
			mainGroup = DC4B3E0923B6F6980061C19A;
			productRefGroup = DC4B3E1323B6F6980061C19A /* Products */;
			projectDirPath = "";
			projectRoot = "";
			targets = (
				DC4B3E1123B6F6980061C19A /* TDD_MVP */,
				DC4B3E2723B6F69A0061C19A /* TDD_MVPTests */,
				DC4B3E3223B6F69A0061C19A /* TDD_MVPUITests */,
			);
		};
/* End PBXProject section */

/* Begin PBXResourcesBuildPhase section */
		DC4B3E1023B6F6980061C19A /* Resources */ = {
			isa = PBXResourcesBuildPhase;
			buildActionMask = 2147483647;
			files = (
				DC4B3E2223B6F69A0061C19A /* LaunchScreen.storyboard in Resources */,
				DC4B3E1F23B6F69A0061C19A /* Assets.xcassets in Resources */,
				DC4B3E1D23B6F6980061C19A /* Main.storyboard in Resources */,
			);
			runOnlyForDeploymentPostprocessing = 0;
		};
		DC4B3E2623B6F69A0061C19A /* Resources */ = {
			isa = PBXResourcesBuildPhase;
			buildActionMask = 2147483647;
			files = (
			);
			runOnlyForDeploymentPostprocessing = 0;
		};
		DC4B3E3123B6F69A0061C19A /* Resources */ = {
			isa = PBXResourcesBuildPhase;
			buildActionMask = 2147483647;
			files = (
				DC4B3E4623B702320061C19A /* ListOfMovies.json in Resources */,
			);
			runOnlyForDeploymentPostprocessing = 0;
		};
/* End PBXResourcesBuildPhase section */

/* Begin PBXShellScriptBuildPhase section */
		5CF54DC7CE4E67F78F6C4BFE /* [CP] Check Pods Manifest.lock */ = {
			isa = PBXShellScriptBuildPhase;
			buildActionMask = 2147483647;
			files = (
			);
			inputFileListPaths = (
			);
			inputPaths = (
				"${PODS_PODFILE_DIR_PATH}/Podfile.lock",
				"${PODS_ROOT}/Manifest.lock",
			);
			name = "[CP] Check Pods Manifest.lock";
			outputFileListPaths = (
			);
			outputPaths = (
				"$(DERIVED_FILE_DIR)/Pods-TDD_MVPTests-checkManifestLockResult.txt",
			);
			runOnlyForDeploymentPostprocessing = 0;
			shellPath = /bin/sh;
			shellScript = "diff \"${PODS_PODFILE_DIR_PATH}/Podfile.lock\" \"${PODS_ROOT}/Manifest.lock\" > /dev/null\nif [ $? != 0 ] ; then\n    # print error to STDERR\n    echo \"error: The sandbox is not in sync with the Podfile.lock. Run 'pod install' or update your CocoaPods installation.\" >&2\n    exit 1\nfi\n# This output is used by Xcode 'outputs' to avoid re-running this script phase.\necho \"SUCCESS\" > \"${SCRIPT_OUTPUT_FILE_0}\"\n";
			showEnvVarsInLog = 0;
		};
		8EDB3979DABA51E96EE8C7C2 /* [CP] Embed Pods Frameworks */ = {
			isa = PBXShellScriptBuildPhase;
			buildActionMask = 2147483647;
			files = (
			);
			inputFileListPaths = (
				"${PODS_ROOT}/Target Support Files/Pods-TDD_MVP-TDD_MVPUITests/Pods-TDD_MVP-TDD_MVPUITests-frameworks-${CONFIGURATION}-input-files.xcfilelist",
			);
			name = "[CP] Embed Pods Frameworks";
			outputFileListPaths = (
				"${PODS_ROOT}/Target Support Files/Pods-TDD_MVP-TDD_MVPUITests/Pods-TDD_MVP-TDD_MVPUITests-frameworks-${CONFIGURATION}-output-files.xcfilelist",
			);
			runOnlyForDeploymentPostprocessing = 0;
			shellPath = /bin/sh;
			shellScript = "\"${PODS_ROOT}/Target Support Files/Pods-TDD_MVP-TDD_MVPUITests/Pods-TDD_MVP-TDD_MVPUITests-frameworks.sh\"\n";
			showEnvVarsInLog = 0;
		};
		B73A5BE23F03B243129A1751 /* [CP] Check Pods Manifest.lock */ = {
			isa = PBXShellScriptBuildPhase;
			buildActionMask = 2147483647;
			files = (
			);
			inputFileListPaths = (
			);
			inputPaths = (
				"${PODS_PODFILE_DIR_PATH}/Podfile.lock",
				"${PODS_ROOT}/Manifest.lock",
			);
			name = "[CP] Check Pods Manifest.lock";
			outputFileListPaths = (
			);
			outputPaths = (
				"$(DERIVED_FILE_DIR)/Pods-TDD_MVP-checkManifestLockResult.txt",
			);
			runOnlyForDeploymentPostprocessing = 0;
			shellPath = /bin/sh;
			shellScript = "diff \"${PODS_PODFILE_DIR_PATH}/Podfile.lock\" \"${PODS_ROOT}/Manifest.lock\" > /dev/null\nif [ $? != 0 ] ; then\n    # print error to STDERR\n    echo \"error: The sandbox is not in sync with the Podfile.lock. Run 'pod install' or update your CocoaPods installation.\" >&2\n    exit 1\nfi\n# This output is used by Xcode 'outputs' to avoid re-running this script phase.\necho \"SUCCESS\" > \"${SCRIPT_OUTPUT_FILE_0}\"\n";
			showEnvVarsInLog = 0;
		};
		D6CB8ED905885F62FEB3BBBB /* [CP] Check Pods Manifest.lock */ = {
			isa = PBXShellScriptBuildPhase;
			buildActionMask = 2147483647;
			files = (
			);
			inputFileListPaths = (
			);
			inputPaths = (
				"${PODS_PODFILE_DIR_PATH}/Podfile.lock",
				"${PODS_ROOT}/Manifest.lock",
			);
			name = "[CP] Check Pods Manifest.lock";
			outputFileListPaths = (
			);
			outputPaths = (
				"$(DERIVED_FILE_DIR)/Pods-TDD_MVP-TDD_MVPUITests-checkManifestLockResult.txt",
			);
			runOnlyForDeploymentPostprocessing = 0;
			shellPath = /bin/sh;
			shellScript = "diff \"${PODS_PODFILE_DIR_PATH}/Podfile.lock\" \"${PODS_ROOT}/Manifest.lock\" > /dev/null\nif [ $? != 0 ] ; then\n    # print error to STDERR\n    echo \"error: The sandbox is not in sync with the Podfile.lock. Run 'pod install' or update your CocoaPods installation.\" >&2\n    exit 1\nfi\n# This output is used by Xcode 'outputs' to avoid re-running this script phase.\necho \"SUCCESS\" > \"${SCRIPT_OUTPUT_FILE_0}\"\n";
			showEnvVarsInLog = 0;
		};
/* End PBXShellScriptBuildPhase section */

/* Begin PBXSourcesBuildPhase section */
		DC4B3E0E23B6F6980061C19A /* Sources */ = {
			isa = PBXSourcesBuildPhase;
			buildActionMask = 2147483647;
			files = (
				DC4B3E1A23B6F6980061C19A /* MoviesViewController.swift in Sources */,
				DC4B3E1623B6F6980061C19A /* AppDelegate.swift in Sources */,
				DC4B3E5423B714AA0061C19A /* MoviesListModel.swift in Sources */,
				DC4B3E5623B718690061C19A /* MoviesListPresenter.swift in Sources */,
				DC4B3E5223B7124F0061C19A /* MovieParser.swift in Sources */,
				DC4B3E5023B70DBC0061C19A /* Network.swift in Sources */,
				DC4B3E5823B719260061C19A /* MovieTableViewCell.swift in Sources */,
				DC4B3E4E23B709650061C19A /* Movie.swift in Sources */,
			);
			runOnlyForDeploymentPostprocessing = 0;
		};
		DC4B3E2423B6F69A0061C19A /* Sources */ = {
			isa = PBXSourcesBuildPhase;
			buildActionMask = 2147483647;
			files = (
				DC4B3E2D23B6F69A0061C19A /* TDD_MVPTests.swift in Sources */,
			);
			runOnlyForDeploymentPostprocessing = 0;
		};
		DC4B3E2F23B6F69A0061C19A /* Sources */ = {
			isa = PBXSourcesBuildPhase;
			buildActionMask = 2147483647;
			files = (
				DC4B3E3823B6F69A0061C19A /* TDD_MVPUITests.swift in Sources */,
				DC4B3E4823B704780061C19A /* HTTPStubs.swift in Sources */,
			);
			runOnlyForDeploymentPostprocessing = 0;
		};
/* End PBXSourcesBuildPhase section */

/* Begin PBXTargetDependency section */
		DC4B3E2A23B6F69A0061C19A /* PBXTargetDependency */ = {
			isa = PBXTargetDependency;
			target = DC4B3E1123B6F6980061C19A /* TDD_MVP */;
			targetProxy = DC4B3E2923B6F69A0061C19A /* PBXContainerItemProxy */;
		};
		DC4B3E3523B6F69A0061C19A /* PBXTargetDependency */ = {
			isa = PBXTargetDependency;
			target = DC4B3E1123B6F6980061C19A /* TDD_MVP */;
			targetProxy = DC4B3E3423B6F69A0061C19A /* PBXContainerItemProxy */;
		};
/* End PBXTargetDependency section */

/* Begin PBXVariantGroup section */
		DC4B3E1B23B6F6980061C19A /* Main.storyboard */ = {
			isa = PBXVariantGroup;
			children = (
				DC4B3E1C23B6F6980061C19A /* Base */,
			);
			name = Main.storyboard;
			sourceTree = "<group>";
		};
		DC4B3E2023B6F69A0061C19A /* LaunchScreen.storyboard */ = {
			isa = PBXVariantGroup;
			children = (
				DC4B3E2123B6F69A0061C19A /* Base */,
			);
			name = LaunchScreen.storyboard;
			sourceTree = "<group>";
		};
/* End PBXVariantGroup section */

/* Begin XCBuildConfiguration section */
		DC4B3E3A23B6F69A0061C19A /* Debug */ = {
			isa = XCBuildConfiguration;
			buildSettings = {
				ALWAYS_SEARCH_USER_PATHS = NO;
				CLANG_ANALYZER_NONNULL = YES;
				CLANG_ANALYZER_NUMBER_OBJECT_CONVERSION = YES_AGGRESSIVE;
				CLANG_CXX_LANGUAGE_STANDARD = "gnu++14";
				CLANG_CXX_LIBRARY = "libc++";
				CLANG_ENABLE_MODULES = YES;
				CLANG_ENABLE_OBJC_ARC = YES;
				CLANG_ENABLE_OBJC_WEAK = YES;
				CLANG_WARN_BLOCK_CAPTURE_AUTORELEASING = YES;
				CLANG_WARN_BOOL_CONVERSION = YES;
				CLANG_WARN_COMMA = YES;
				CLANG_WARN_CONSTANT_CONVERSION = YES;
				CLANG_WARN_DEPRECATED_OBJC_IMPLEMENTATIONS = YES;
				CLANG_WARN_DIRECT_OBJC_ISA_USAGE = YES_ERROR;
				CLANG_WARN_DOCUMENTATION_COMMENTS = YES;
				CLANG_WARN_EMPTY_BODY = YES;
				CLANG_WARN_ENUM_CONVERSION = YES;
				CLANG_WARN_INFINITE_RECURSION = YES;
				CLANG_WARN_INT_CONVERSION = YES;
				CLANG_WARN_NON_LITERAL_NULL_CONVERSION = YES;
				CLANG_WARN_OBJC_IMPLICIT_RETAIN_SELF = YES;
				CLANG_WARN_OBJC_LITERAL_CONVERSION = YES;
				CLANG_WARN_OBJC_ROOT_CLASS = YES_ERROR;
				CLANG_WARN_RANGE_LOOP_ANALYSIS = YES;
				CLANG_WARN_STRICT_PROTOTYPES = YES;
				CLANG_WARN_SUSPICIOUS_MOVE = YES;
				CLANG_WARN_UNGUARDED_AVAILABILITY = YES_AGGRESSIVE;
				CLANG_WARN_UNREACHABLE_CODE = YES;
				CLANG_WARN__DUPLICATE_METHOD_MATCH = YES;
				COPY_PHASE_STRIP = NO;
				DEBUG_INFORMATION_FORMAT = dwarf;
				ENABLE_STRICT_OBJC_MSGSEND = YES;
				ENABLE_TESTABILITY = YES;
				GCC_C_LANGUAGE_STANDARD = gnu11;
				GCC_DYNAMIC_NO_PIC = NO;
				GCC_NO_COMMON_BLOCKS = YES;
				GCC_OPTIMIZATION_LEVEL = 0;
				GCC_PREPROCESSOR_DEFINITIONS = (
					"DEBUG=1",
					"$(inherited)",
				);
				GCC_WARN_64_TO_32_BIT_CONVERSION = YES;
				GCC_WARN_ABOUT_RETURN_TYPE = YES_ERROR;
				GCC_WARN_UNDECLARED_SELECTOR = YES;
				GCC_WARN_UNINITIALIZED_AUTOS = YES_AGGRESSIVE;
				GCC_WARN_UNUSED_FUNCTION = YES;
				GCC_WARN_UNUSED_VARIABLE = YES;
				IPHONEOS_DEPLOYMENT_TARGET = 13.2;
				MTL_ENABLE_DEBUG_INFO = INCLUDE_SOURCE;
				MTL_FAST_MATH = YES;
				ONLY_ACTIVE_ARCH = YES;
				SDKROOT = iphoneos;
				SWIFT_ACTIVE_COMPILATION_CONDITIONS = DEBUG;
				SWIFT_OPTIMIZATION_LEVEL = "-Onone";
			};
			name = Debug;
		};
		DC4B3E3B23B6F69A0061C19A /* Release */ = {
			isa = XCBuildConfiguration;
			buildSettings = {
				ALWAYS_SEARCH_USER_PATHS = NO;
				CLANG_ANALYZER_NONNULL = YES;
				CLANG_ANALYZER_NUMBER_OBJECT_CONVERSION = YES_AGGRESSIVE;
				CLANG_CXX_LANGUAGE_STANDARD = "gnu++14";
				CLANG_CXX_LIBRARY = "libc++";
				CLANG_ENABLE_MODULES = YES;
				CLANG_ENABLE_OBJC_ARC = YES;
				CLANG_ENABLE_OBJC_WEAK = YES;
				CLANG_WARN_BLOCK_CAPTURE_AUTORELEASING = YES;
				CLANG_WARN_BOOL_CONVERSION = YES;
				CLANG_WARN_COMMA = YES;
				CLANG_WARN_CONSTANT_CONVERSION = YES;
				CLANG_WARN_DEPRECATED_OBJC_IMPLEMENTATIONS = YES;
				CLANG_WARN_DIRECT_OBJC_ISA_USAGE = YES_ERROR;
				CLANG_WARN_DOCUMENTATION_COMMENTS = YES;
				CLANG_WARN_EMPTY_BODY = YES;
				CLANG_WARN_ENUM_CONVERSION = YES;
				CLANG_WARN_INFINITE_RECURSION = YES;
				CLANG_WARN_INT_CONVERSION = YES;
				CLANG_WARN_NON_LITERAL_NULL_CONVERSION = YES;
				CLANG_WARN_OBJC_IMPLICIT_RETAIN_SELF = YES;
				CLANG_WARN_OBJC_LITERAL_CONVERSION = YES;
				CLANG_WARN_OBJC_ROOT_CLASS = YES_ERROR;
				CLANG_WARN_RANGE_LOOP_ANALYSIS = YES;
				CLANG_WARN_STRICT_PROTOTYPES = YES;
				CLANG_WARN_SUSPICIOUS_MOVE = YES;
				CLANG_WARN_UNGUARDED_AVAILABILITY = YES_AGGRESSIVE;
				CLANG_WARN_UNREACHABLE_CODE = YES;
				CLANG_WARN__DUPLICATE_METHOD_MATCH = YES;
				COPY_PHASE_STRIP = NO;
				DEBUG_INFORMATION_FORMAT = "dwarf-with-dsym";
				ENABLE_NS_ASSERTIONS = NO;
				ENABLE_STRICT_OBJC_MSGSEND = YES;
				GCC_C_LANGUAGE_STANDARD = gnu11;
				GCC_NO_COMMON_BLOCKS = YES;
				GCC_WARN_64_TO_32_BIT_CONVERSION = YES;
				GCC_WARN_ABOUT_RETURN_TYPE = YES_ERROR;
				GCC_WARN_UNDECLARED_SELECTOR = YES;
				GCC_WARN_UNINITIALIZED_AUTOS = YES_AGGRESSIVE;
				GCC_WARN_UNUSED_FUNCTION = YES;
				GCC_WARN_UNUSED_VARIABLE = YES;
				IPHONEOS_DEPLOYMENT_TARGET = 13.2;
				MTL_ENABLE_DEBUG_INFO = NO;
				MTL_FAST_MATH = YES;
				SDKROOT = iphoneos;
				SWIFT_COMPILATION_MODE = wholemodule;
				SWIFT_OPTIMIZATION_LEVEL = "-O";
				VALIDATE_PRODUCT = YES;
			};
			name = Release;
		};
		DC4B3E3D23B6F69A0061C19A /* Debug */ = {
			isa = XCBuildConfiguration;
			baseConfigurationReference = F2C6579F53919D0EA33A310D /* Pods-TDD_MVP.debug.xcconfig */;
			buildSettings = {
				ASSETCATALOG_COMPILER_APPICON_NAME = AppIcon;
				CODE_SIGN_IDENTITY = "Apple Development";
				CODE_SIGN_STYLE = Automatic;
				DEVELOPMENT_TEAM = D5Y95XXQXP;
				INFOPLIST_FILE = TDD_MVP/Info.plist;
				LD_RUNPATH_SEARCH_PATHS = (
					"$(inherited)",
					"@executable_path/Frameworks",
				);
				PRODUCT_BUNDLE_IDENTIFIER = "Jamil.TDD-MVP";
				PRODUCT_NAME = "$(TARGET_NAME)";
				PROVISIONING_PROFILE_SPECIFIER = "";
				SWIFT_VERSION = 5.0;
				TARGETED_DEVICE_FAMILY = "1,2";
			};
			name = Debug;
		};
		DC4B3E3E23B6F69A0061C19A /* Release */ = {
			isa = XCBuildConfiguration;
			baseConfigurationReference = FFEF574F1E970A89CC0B3AFC /* Pods-TDD_MVP.release.xcconfig */;
			buildSettings = {
				ASSETCATALOG_COMPILER_APPICON_NAME = AppIcon;
				CODE_SIGN_IDENTITY = "Apple Development";
				CODE_SIGN_STYLE = Automatic;
				DEVELOPMENT_TEAM = D5Y95XXQXP;
				INFOPLIST_FILE = TDD_MVP/Info.plist;
				LD_RUNPATH_SEARCH_PATHS = (
					"$(inherited)",
					"@executable_path/Frameworks",
				);
				PRODUCT_BUNDLE_IDENTIFIER = "Jamil.TDD-MVP";
				PRODUCT_NAME = "$(TARGET_NAME)";
				PROVISIONING_PROFILE_SPECIFIER = "";
				SWIFT_VERSION = 5.0;
				TARGETED_DEVICE_FAMILY = "1,2";
			};
			name = Release;
		};
		DC4B3E4023B6F69A0061C19A /* Debug */ = {
			isa = XCBuildConfiguration;
			baseConfigurationReference = 6E521E7C2DE31880EF0E5C27 /* Pods-TDD_MVPTests.debug.xcconfig */;
			buildSettings = {
				ALWAYS_EMBED_SWIFT_STANDARD_LIBRARIES = YES;
				BUNDLE_LOADER = "$(TEST_HOST)";
				CODE_SIGN_STYLE = Automatic;
				INFOPLIST_FILE = TDD_MVPTests/Info.plist;
				IPHONEOS_DEPLOYMENT_TARGET = 13.2;
				LD_RUNPATH_SEARCH_PATHS = (
					"$(inherited)",
					"@executable_path/Frameworks",
					"@loader_path/Frameworks",
				);
				PRODUCT_BUNDLE_IDENTIFIER = "Jamil.TDD-MVPTests";
				PRODUCT_NAME = "$(TARGET_NAME)";
				SWIFT_VERSION = 5.0;
				TARGETED_DEVICE_FAMILY = "1,2";
				TEST_HOST = "$(BUILT_PRODUCTS_DIR)/TDD_MVP.app/TDD_MVP";
			};
			name = Debug;
		};
		DC4B3E4123B6F69A0061C19A /* Release */ = {
			isa = XCBuildConfiguration;
			baseConfigurationReference = E7E11D932B9DAD28A8D60A8C /* Pods-TDD_MVPTests.release.xcconfig */;
			buildSettings = {
				ALWAYS_EMBED_SWIFT_STANDARD_LIBRARIES = YES;
				BUNDLE_LOADER = "$(TEST_HOST)";
				CODE_SIGN_STYLE = Automatic;
				INFOPLIST_FILE = TDD_MVPTests/Info.plist;
				IPHONEOS_DEPLOYMENT_TARGET = 13.2;
				LD_RUNPATH_SEARCH_PATHS = (
					"$(inherited)",
					"@executable_path/Frameworks",
					"@loader_path/Frameworks",
				);
				PRODUCT_BUNDLE_IDENTIFIER = "Jamil.TDD-MVPTests";
				PRODUCT_NAME = "$(TARGET_NAME)";
				SWIFT_VERSION = 5.0;
				TARGETED_DEVICE_FAMILY = "1,2";
				TEST_HOST = "$(BUILT_PRODUCTS_DIR)/TDD_MVP.app/TDD_MVP";
			};
			name = Release;
		};
		DC4B3E4323B6F69A0061C19A /* Debug */ = {
			isa = XCBuildConfiguration;
			baseConfigurationReference = 637174A93E63F69B8182A6EB /* Pods-TDD_MVP-TDD_MVPUITests.debug.xcconfig */;
			buildSettings = {
				ALWAYS_EMBED_SWIFT_STANDARD_LIBRARIES = YES;
				CODE_SIGN_STYLE = Automatic;
				INFOPLIST_FILE = TDD_MVPUITests/Info.plist;
				LD_RUNPATH_SEARCH_PATHS = (
					"$(inherited)",
					"@executable_path/Frameworks",
					"@loader_path/Frameworks",
				);
				PRODUCT_BUNDLE_IDENTIFIER = "Jamil.TDD-MVPUITests";
				PRODUCT_NAME = "$(TARGET_NAME)";
				SWIFT_VERSION = 5.0;
				TARGETED_DEVICE_FAMILY = "1,2";
				TEST_TARGET_NAME = TDD_MVP;
			};
			name = Debug;
		};
		DC4B3E4423B6F69A0061C19A /* Release */ = {
			isa = XCBuildConfiguration;
			baseConfigurationReference = 9440AD165DFCBB9E40247D43 /* Pods-TDD_MVP-TDD_MVPUITests.release.xcconfig */;
			buildSettings = {
				ALWAYS_EMBED_SWIFT_STANDARD_LIBRARIES = YES;
				CODE_SIGN_STYLE = Automatic;
				INFOPLIST_FILE = TDD_MVPUITests/Info.plist;
				LD_RUNPATH_SEARCH_PATHS = (
					"$(inherited)",
					"@executable_path/Frameworks",
					"@loader_path/Frameworks",
				);
				PRODUCT_BUNDLE_IDENTIFIER = "Jamil.TDD-MVPUITests";
				PRODUCT_NAME = "$(TARGET_NAME)";
				SWIFT_VERSION = 5.0;
				TARGETED_DEVICE_FAMILY = "1,2";
				TEST_TARGET_NAME = TDD_MVP;
			};
			name = Release;
		};
/* End XCBuildConfiguration section */

/* Begin XCConfigurationList section */
		DC4B3E0D23B6F6980061C19A /* Build configuration list for PBXProject "TDD_MVP" */ = {
			isa = XCConfigurationList;
			buildConfigurations = (
				DC4B3E3A23B6F69A0061C19A /* Debug */,
				DC4B3E3B23B6F69A0061C19A /* Release */,
			);
			defaultConfigurationIsVisible = 0;
			defaultConfigurationName = Release;
		};
		DC4B3E3C23B6F69A0061C19A /* Build configuration list for PBXNativeTarget "TDD_MVP" */ = {
			isa = XCConfigurationList;
			buildConfigurations = (
				DC4B3E3D23B6F69A0061C19A /* Debug */,
				DC4B3E3E23B6F69A0061C19A /* Release */,
			);
			defaultConfigurationIsVisible = 0;
			defaultConfigurationName = Release;
		};
		DC4B3E3F23B6F69A0061C19A /* Build configuration list for PBXNativeTarget "TDD_MVPTests" */ = {
			isa = XCConfigurationList;
			buildConfigurations = (
				DC4B3E4023B6F69A0061C19A /* Debug */,
				DC4B3E4123B6F69A0061C19A /* Release */,
			);
			defaultConfigurationIsVisible = 0;
			defaultConfigurationName = Release;
		};
		DC4B3E4223B6F69A0061C19A /* Build configuration list for PBXNativeTarget "TDD_MVPUITests" */ = {
			isa = XCConfigurationList;
			buildConfigurations = (
				DC4B3E4323B6F69A0061C19A /* Debug */,
				DC4B3E4423B6F69A0061C19A /* Release */,
			);
			defaultConfigurationIsVisible = 0;
			defaultConfigurationName = Release;
		};
/* End XCConfigurationList section */
	};
	rootObject = DC4B3E0A23B6F6980061C19A /* Project object */;
}
